// !$*UTF8*$!
{
	archiveVersion = 1;
	classes = {
	};
	objectVersion = 48;
	objects = {

/* Begin PBXBuildFile section */
		4B02CDE12058F07B002A1297 /* AppDelegate.m in Sources */ = {isa = PBXBuildFile; fileRef = 4B02CDE02058F07B002A1297 /* AppDelegate.m */; };
		4B02CDE42058F07B002A1297 /* ViewController.m in Sources */ = {isa = PBXBuildFile; fileRef = 4B02CDE32058F07B002A1297 /* ViewController.m */; };
		4B02CDE72058F07B002A1297 /* Main.storyboard in Resources */ = {isa = PBXBuildFile; fileRef = 4B02CDE52058F07B002A1297 /* Main.storyboard */; };
		4B02CDE92058F07B002A1297 /* Assets.xcassets in Resources */ = {isa = PBXBuildFile; fileRef = 4B02CDE82058F07B002A1297 /* Assets.xcassets */; };
		4B02CDEC2058F07B002A1297 /* LaunchScreen.storyboard in Resources */ = {isa = PBXBuildFile; fileRef = 4B02CDEA2058F07B002A1297 /* LaunchScreen.storyboard */; };
		4B02CDEF2058F07B002A1297 /* main.m in Sources */ = {isa = PBXBuildFile; fileRef = 4B02CDEE2058F07B002A1297 /* main.m */; };
		4B02CDF92058F07B002A1297 /* WKWebViewInterceptTest1Tests.m in Sources */ = {isa = PBXBuildFile; fileRef = 4B02CDF82058F07B002A1297 /* WKWebViewInterceptTest1Tests.m */; };
		4B02CE042058F07B002A1297 /* WKWebViewInterceptTest1UITests.m in Sources */ = {isa = PBXBuildFile; fileRef = 4B02CE032058F07B002A1297 /* WKWebViewInterceptTest1UITests.m */; };
		4B02CE132058F20E002A1297 /* LocalTestVC.m in Sources */ = {isa = PBXBuildFile; fileRef = 4B02CE122058F20E002A1297 /* LocalTestVC.m */; };
		4B02CE162058F222002A1297 /* RemoteTestVC.m in Sources */ = {isa = PBXBuildFile; fileRef = 4B02CE152058F222002A1297 /* RemoteTestVC.m */; };
		4B02CE182058F438002A1297 /* index.html in Resources */ = {isa = PBXBuildFile; fileRef = 4B02CE172058F437002A1297 /* index.html */; };
/* End PBXBuildFile section */

/* Begin PBXContainerItemProxy section */
		4B02CDF52058F07B002A1297 /* PBXContainerItemProxy */ = {
			isa = PBXContainerItemProxy;
			containerPortal = 4B02CDD42058F07B002A1297 /* Project object */;
			proxyType = 1;
			remoteGlobalIDString = 4B02CDDB2058F07B002A1297;
			remoteInfo = WKWebViewInterceptTest1;
		};
		4B02CE002058F07B002A1297 /* PBXContainerItemProxy */ = {
			isa = PBXContainerItemProxy;
			containerPortal = 4B02CDD42058F07B002A1297 /* Project object */;
			proxyType = 1;
			remoteGlobalIDString = 4B02CDDB2058F07B002A1297;
			remoteInfo = WKWebViewInterceptTest1;
		};
/* End PBXContainerItemProxy section */

/* Begin PBXFileReference section */
		4B02CDDC2058F07B002A1297 /* WKWebViewInterceptTest1.app */ = {isa = PBXFileReference; explicitFileType = wrapper.application; includeInIndex = 0; path = WKWebViewInterceptTest1.app; sourceTree = BUILT_PRODUCTS_DIR; };
		4B02CDDF2058F07B002A1297 /* AppDelegate.h */ = {isa = PBXFileReference; lastKnownFileType = sourcecode.c.h; path = AppDelegate.h; sourceTree = "<group>"; };
		4B02CDE02058F07B002A1297 /* AppDelegate.m */ = {isa = PBXFileReference; lastKnownFileType = sourcecode.c.objc; path = AppDelegate.m; sourceTree = "<group>"; };
		4B02CDE22058F07B002A1297 /* ViewController.h */ = {isa = PBXFileReference; lastKnownFileType = sourcecode.c.h; path = ViewController.h; sourceTree = "<group>"; };
		4B02CDE32058F07B002A1297 /* ViewController.m */ = {isa = PBXFileReference; lastKnownFileType = sourcecode.c.objc; path = ViewController.m; sourceTree = "<group>"; };
		4B02CDE62058F07B002A1297 /* Base */ = {isa = PBXFileReference; lastKnownFileType = file.storyboard; name = Base; path = Base.lproj/Main.storyboard; sourceTree = "<group>"; };
		4B02CDE82058F07B002A1297 /* Assets.xcassets */ = {isa = PBXFileReference; lastKnownFileType = folder.assetcatalog; path = Assets.xcassets; sourceTree = "<group>"; };
		4B02CDEB2058F07B002A1297 /* Base */ = {isa = PBXFileReference; lastKnownFileType = file.storyboard; name = Base; path = Base.lproj/LaunchScreen.storyboard; sourceTree = "<group>"; };
		4B02CDED2058F07B002A1297 /* Info.plist */ = {isa = PBXFileReference; lastKnownFileType = text.plist.xml; path = Info.plist; sourceTree = "<group>"; };
		4B02CDEE2058F07B002A1297 /* main.m */ = {isa = PBXFileReference; lastKnownFileType = sourcecode.c.objc; path = main.m; sourceTree = "<group>"; };
		4B02CDF42058F07B002A1297 /* WKWebViewInterceptTest1Tests.xctest */ = {isa = PBXFileReference; explicitFileType = wrapper.cfbundle; includeInIndex = 0; path = WKWebViewInterceptTest1Tests.xctest; sourceTree = BUILT_PRODUCTS_DIR; };
		4B02CDF82058F07B002A1297 /* WKWebViewInterceptTest1Tests.m */ = {isa = PBXFileReference; lastKnownFileType = sourcecode.c.objc; path = WKWebViewInterceptTest1Tests.m; sourceTree = "<group>"; };
		4B02CDFA2058F07B002A1297 /* Info.plist */ = {isa = PBXFileReference; lastKnownFileType = text.plist.xml; path = Info.plist; sourceTree = "<group>"; };
		4B02CDFF2058F07B002A1297 /* WKWebViewInterceptTest1UITests.xctest */ = {isa = PBXFileReference; explicitFileType = wrapper.cfbundle; includeInIndex = 0; path = WKWebViewInterceptTest1UITests.xctest; sourceTree = BUILT_PRODUCTS_DIR; };
		4B02CE032058F07B002A1297 /* WKWebViewInterceptTest1UITests.m */ = {isa = PBXFileReference; lastKnownFileType = sourcecode.c.objc; path = WKWebViewInterceptTest1UITests.m; sourceTree = "<group>"; };
		4B02CE052058F07B002A1297 /* Info.plist */ = {isa = PBXFileReference; lastKnownFileType = text.plist.xml; path = Info.plist; sourceTree = "<group>"; };
		4B02CE112058F20E002A1297 /* LocalTestVC.h */ = {isa = PBXFileReference; lastKnownFileType = sourcecode.c.h; path = LocalTestVC.h; sourceTree = "<group>"; };
		4B02CE122058F20E002A1297 /* LocalTestVC.m */ = {isa = PBXFileReference; lastKnownFileType = sourcecode.c.objc; path = LocalTestVC.m; sourceTree = "<group>"; };
		4B02CE142058F222002A1297 /* RemoteTestVC.h */ = {isa = PBXFileReference; lastKnownFileType = sourcecode.c.h; path = RemoteTestVC.h; sourceTree = "<group>"; };
		4B02CE152058F222002A1297 /* RemoteTestVC.m */ = {isa = PBXFileReference; lastKnownFileType = sourcecode.c.objc; path = RemoteTestVC.m; sourceTree = "<group>"; };
		4B02CE172058F437002A1297 /* index.html */ = {isa = PBXFileReference; fileEncoding = 4; lastKnownFileType = text.html; path = index.html; sourceTree = "<group>"; };
/* End PBXFileReference section */

/* Begin PBXFrameworksBuildPhase section */
		4B02CDD92058F07B002A1297 /* Frameworks */ = {
			isa = PBXFrameworksBuildPhase;
			buildActionMask = 2147483647;
			files = (
			);
			runOnlyForDeploymentPostprocessing = 0;
		};
		4B02CDF12058F07B002A1297 /* Frameworks */ = {
			isa = PBXFrameworksBuildPhase;
			buildActionMask = 2147483647;
			files = (
			);
			runOnlyForDeploymentPostprocessing = 0;
		};
		4B02CDFC2058F07B002A1297 /* Frameworks */ = {
			isa = PBXFrameworksBuildPhase;
			buildActionMask = 2147483647;
			files = (
			);
			runOnlyForDeploymentPostprocessing = 0;
		};
/* End PBXFrameworksBuildPhase section */

/* Begin PBXGroup section */
		4B02CDD32058F07B002A1297 = {
			isa = PBXGroup;
			children = (
				4B02CDDE2058F07B002A1297 /* WKWebViewInterceptTest1 */,
				4B02CDF72058F07B002A1297 /* WKWebViewInterceptTest1Tests */,
				4B02CE022058F07B002A1297 /* WKWebViewInterceptTest1UITests */,
				4B02CDDD2058F07B002A1297 /* Products */,
			);
			sourceTree = "<group>";
		};
		4B02CDDD2058F07B002A1297 /* Products */ = {
			isa = PBXGroup;
			children = (
				4B02CDDC2058F07B002A1297 /* WKWebViewInterceptTest1.app */,
				4B02CDF42058F07B002A1297 /* WKWebViewInterceptTest1Tests.xctest */,
				4B02CDFF2058F07B002A1297 /* WKWebViewInterceptTest1UITests.xctest */,
			);
			name = Products;
			sourceTree = "<group>";
		};
		4B02CDDE2058F07B002A1297 /* WKWebViewInterceptTest1 */ = {
			isa = PBXGroup;
			children = (
				4B02CDDF2058F07B002A1297 /* AppDelegate.h */,
				4B02CDE02058F07B002A1297 /* AppDelegate.m */,
				4B02CDE22058F07B002A1297 /* ViewController.h */,
				4B02CDE32058F07B002A1297 /* ViewController.m */,
				4B02CE112058F20E002A1297 /* LocalTestVC.h */,
				4B02CE122058F20E002A1297 /* LocalTestVC.m */,
				4B02CE142058F222002A1297 /* RemoteTestVC.h */,
				4B02CE152058F222002A1297 /* RemoteTestVC.m */,
				4B02CE172058F437002A1297 /* index.html */,
				4B02CDE52058F07B002A1297 /* Main.storyboard */,
				4B02CDE82058F07B002A1297 /* Assets.xcassets */,
				4B02CDEA2058F07B002A1297 /* LaunchScreen.storyboard */,
				4B02CDED2058F07B002A1297 /* Info.plist */,
				4B02CDEE2058F07B002A1297 /* main.m */,
			);
			path = WKWebViewInterceptTest1;
			sourceTree = "<group>";
		};
		4B02CDF72058F07B002A1297 /* WKWebViewInterceptTest1Tests */ = {
			isa = PBXGroup;
			children = (
				4B02CDF82058F07B002A1297 /* WKWebViewInterceptTest1Tests.m */,
				4B02CDFA2058F07B002A1297 /* Info.plist */,
			);
			path = WKWebViewInterceptTest1Tests;
			sourceTree = "<group>";
		};
		4B02CE022058F07B002A1297 /* WKWebViewInterceptTest1UITests */ = {
			isa = PBXGroup;
			children = (
				4B02CE032058F07B002A1297 /* WKWebViewInterceptTest1UITests.m */,
				4B02CE052058F07B002A1297 /* Info.plist */,
			);
			path = WKWebViewInterceptTest1UITests;
			sourceTree = "<group>";
		};
/* End PBXGroup section */

/* Begin PBXNativeTarget section */
		4B02CDDB2058F07B002A1297 /* WKWebViewInterceptTest1 */ = {
			isa = PBXNativeTarget;
			buildConfigurationList = 4B02CE082058F07C002A1297 /* Build configuration list for PBXNativeTarget "WKWebViewInterceptTest1" */;
			buildPhases = (
				4B02CDD82058F07B002A1297 /* Sources */,
				4B02CDD92058F07B002A1297 /* Frameworks */,
				4B02CDDA2058F07B002A1297 /* Resources */,
			);
			buildRules = (
			);
			dependencies = (
			);
			name = WKWebViewInterceptTest1;
			productName = WKWebViewInterceptTest1;
			productReference = 4B02CDDC2058F07B002A1297 /* WKWebViewInterceptTest1.app */;
			productType = "com.apple.product-type.application";
		};
		4B02CDF32058F07B002A1297 /* WKWebViewInterceptTest1Tests */ = {
			isa = PBXNativeTarget;
			buildConfigurationList = 4B02CE0B2058F07C002A1297 /* Build configuration list for PBXNativeTarget "WKWebViewInterceptTest1Tests" */;
			buildPhases = (
				4B02CDF02058F07B002A1297 /* Sources */,
				4B02CDF12058F07B002A1297 /* Frameworks */,
				4B02CDF22058F07B002A1297 /* Resources */,
			);
			buildRules = (
			);
			dependencies = (
				4B02CDF62058F07B002A1297 /* PBXTargetDependency */,
			);
			name = WKWebViewInterceptTest1Tests;
			productName = WKWebViewInterceptTest1Tests;
			productReference = 4B02CDF42058F07B002A1297 /* WKWebViewInterceptTest1Tests.xctest */;
			productType = "com.apple.product-type.bundle.unit-test";
		};
		4B02CDFE2058F07B002A1297 /* WKWebViewInterceptTest1UITests */ = {
			isa = PBXNativeTarget;
			buildConfigurationList = 4B02CE0E2058F07C002A1297 /* Build configuration list for PBXNativeTarget "WKWebViewInterceptTest1UITests" */;
			buildPhases = (
				4B02CDFB2058F07B002A1297 /* Sources */,
				4B02CDFC2058F07B002A1297 /* Frameworks */,
				4B02CDFD2058F07B002A1297 /* Resources */,
			);
			buildRules = (
			);
			dependencies = (
				4B02CE012058F07B002A1297 /* PBXTargetDependency */,
			);
			name = WKWebViewInterceptTest1UITests;
			productName = WKWebViewInterceptTest1UITests;
			productReference = 4B02CDFF2058F07B002A1297 /* WKWebViewInterceptTest1UITests.xctest */;
			productType = "com.apple.product-type.bundle.ui-testing";
		};
/* End PBXNativeTarget section */

/* Begin PBXProject section */
		4B02CDD42058F07B002A1297 /* Project object */ = {
			isa = PBXProject;
			attributes = {
				LastUpgradeCheck = 0920;
				ORGANIZATIONNAME = XIAOHUI;
				TargetAttributes = {
					4B02CDDB2058F07B002A1297 = {
						CreatedOnToolsVersion = 9.2;
						ProvisioningStyle = Automatic;
					};
					4B02CDF32058F07B002A1297 = {
						CreatedOnToolsVersion = 9.2;
						ProvisioningStyle = Automatic;
						TestTargetID = 4B02CDDB2058F07B002A1297;
					};
					4B02CDFE2058F07B002A1297 = {
						CreatedOnToolsVersion = 9.2;
						ProvisioningStyle = Automatic;
						TestTargetID = 4B02CDDB2058F07B002A1297;
					};
				};
			};
			buildConfigurationList = 4B02CDD72058F07B002A1297 /* Build configuration list for PBXProject "WKWebViewInterceptTest1" */;
			compatibilityVersion = "Xcode 8.0";
			developmentRegion = en;
			hasScannedForEncodings = 0;
			knownRegions = (
				en,
				Base,
			);
			mainGroup = 4B02CDD32058F07B002A1297;
			productRefGroup = 4B02CDDD2058F07B002A1297 /* Products */;
			projectDirPath = "";
			projectRoot = "";
			targets = (
				4B02CDDB2058F07B002A1297 /* WKWebViewInterceptTest1 */,
				4B02CDF32058F07B002A1297 /* WKWebViewInterceptTest1Tests */,
				4B02CDFE2058F07B002A1297 /* WKWebViewInterceptTest1UITests */,
			);
		};
/* End PBXProject section */

/* Begin PBXResourcesBuildPhase section */
		4B02CDDA2058F07B002A1297 /* Resources */ = {
			isa = PBXResourcesBuildPhase;
			buildActionMask = 2147483647;
			files = (
				4B02CDEC2058F07B002A1297 /* LaunchScreen.storyboard in Resources */,
				4B02CE182058F438002A1297 /* index.html in Resources */,
				4B02CDE92058F07B002A1297 /* Assets.xcassets in Resources */,
				4B02CDE72058F07B002A1297 /* Main.storyboard in Resources */,
			);
			runOnlyForDeploymentPostprocessing = 0;
		};
		4B02CDF22058F07B002A1297 /* Resources */ = {
			isa = PBXResourcesBuildPhase;
			buildActionMask = 2147483647;
			files = (
			);
			runOnlyForDeploymentPostprocessing = 0;
		};
		4B02CDFD2058F07B002A1297 /* Resources */ = {
			isa = PBXResourcesBuildPhase;
			buildActionMask = 2147483647;
			files = (
			);
			runOnlyForDeploymentPostprocessing = 0;
		};
/* End PBXResourcesBuildPhase section */

/* Begin PBXSourcesBuildPhase section */
		4B02CDD82058F07B002A1297 /* Sources */ = {
			isa = PBXSourcesBuildPhase;
			buildActionMask = 2147483647;
			files = (
				4B02CE162058F222002A1297 /* RemoteTestVC.m in Sources */,
				4B02CE132058F20E002A1297 /* LocalTestVC.m in Sources */,
				4B02CDE42058F07B002A1297 /* ViewController.m in Sources */,
				4B02CDEF2058F07B002A1297 /* main.m in Sources */,
				4B02CDE12058F07B002A1297 /* AppDelegate.m in Sources */,
			);
			runOnlyForDeploymentPostprocessing = 0;
		};
		4B02CDF02058F07B002A1297 /* Sources */ = {
			isa = PBXSourcesBuildPhase;
			buildActionMask = 2147483647;
			files = (
				4B02CDF92058F07B002A1297 /* WKWebViewInterceptTest1Tests.m in Sources */,
			);
			runOnlyForDeploymentPostprocessing = 0;
		};
		4B02CDFB2058F07B002A1297 /* Sources */ = {
			isa = PBXSourcesBuildPhase;
			buildActionMask = 2147483647;
			files = (
				4B02CE042058F07B002A1297 /* WKWebViewInterceptTest1UITests.m in Sources */,
			);
			runOnlyForDeploymentPostprocessing = 0;
		};
/* End PBXSourcesBuildPhase section */

/* Begin PBXTargetDependency section */
		4B02CDF62058F07B002A1297 /* PBXTargetDependency */ = {
			isa = PBXTargetDependency;
			target = 4B02CDDB2058F07B002A1297 /* WKWebViewInterceptTest1 */;
			targetProxy = 4B02CDF52058F07B002A1297 /* PBXContainerItemProxy */;
		};
		4B02CE012058F07B002A1297 /* PBXTargetDependency */ = {
			isa = PBXTargetDependency;
			target = 4B02CDDB2058F07B002A1297 /* WKWebViewInterceptTest1 */;
			targetProxy = 4B02CE002058F07B002A1297 /* PBXContainerItemProxy */;
		};
/* End PBXTargetDependency section */

/* Begin PBXVariantGroup section */
		4B02CDE52058F07B002A1297 /* Main.storyboard */ = {
			isa = PBXVariantGroup;
			children = (
				4B02CDE62058F07B002A1297 /* Base */,
			);
			name = Main.storyboard;
			sourceTree = "<group>";
		};
		4B02CDEA2058F07B002A1297 /* LaunchScreen.storyboard */ = {
			isa = PBXVariantGroup;
			children = (
				4B02CDEB2058F07B002A1297 /* Base */,
			);
			name = LaunchScreen.storyboard;
			sourceTree = "<group>";
		};
/* End PBXVariantGroup section */

/* Begin XCBuildConfiguration section */
		4B02CE062058F07B002A1297 /* Debug */ = {
			isa = XCBuildConfiguration;
			buildSettings = {
				ALWAYS_SEARCH_USER_PATHS = NO;
				CLANG_ANALYZER_NONNULL = YES;
				CLANG_ANALYZER_NUMBER_OBJECT_CONVERSION = YES_AGGRESSIVE;
				CLANG_CXX_LANGUAGE_STANDARD = "gnu++14";
				CLANG_CXX_LIBRARY = "libc++";
				CLANG_ENABLE_MODULES = YES;
				CLANG_ENABLE_OBJC_ARC = YES;
				CLANG_WARN_BLOCK_CAPTURE_AUTORELEASING = YES;
				CLANG_WARN_BOOL_CONVERSION = YES;
				CLANG_WARN_COMMA = YES;
				CLANG_WARN_CONSTANT_CONVERSION = YES;
				CLANG_WARN_DIRECT_OBJC_ISA_USAGE = YES_ERROR;
				CLANG_WARN_DOCUMENTATION_COMMENTS = YES;
				CLANG_WARN_EMPTY_BODY = YES;
				CLANG_WARN_ENUM_CONVERSION = YES;
				CLANG_WARN_INFINITE_RECURSION = YES;
				CLANG_WARN_INT_CONVERSION = YES;
				CLANG_WARN_NON_LITERAL_NULL_CONVERSION = YES;
				CLANG_WARN_OBJC_LITERAL_CONVERSION = YES;
				CLANG_WARN_OBJC_ROOT_CLASS = YES_ERROR;
				CLANG_WARN_RANGE_LOOP_ANALYSIS = YES;
				CLANG_WARN_STRICT_PROTOTYPES = YES;
				CLANG_WARN_SUSPICIOUS_MOVE = YES;
				CLANG_WARN_UNGUARDED_AVAILABILITY = YES_AGGRESSIVE;
				CLANG_WARN_UNREACHABLE_CODE = YES;
				CLANG_WARN__DUPLICATE_METHOD_MATCH = YES;
				CODE_SIGN_IDENTITY = "iPhone Developer";
				COPY_PHASE_STRIP = NO;
				DEBUG_INFORMATION_FORMAT = dwarf;
				ENABLE_STRICT_OBJC_MSGSEND = YES;
				ENABLE_TESTABILITY = YES;
				GCC_C_LANGUAGE_STANDARD = gnu11;
				GCC_DYNAMIC_NO_PIC = NO;
				GCC_NO_COMMON_BLOCKS = YES;
				GCC_OPTIMIZATION_LEVEL = 0;
				GCC_PREPROCESSOR_DEFINITIONS = (
					"DEBUG=1",
					"$(inherited)",
				);
				GCC_WARN_64_TO_32_BIT_CONVERSION = YES;
				GCC_WARN_ABOUT_RETURN_TYPE = YES_ERROR;
				GCC_WARN_UNDECLARED_SELECTOR = YES;
				GCC_WARN_UNINITIALIZED_AUTOS = YES_AGGRESSIVE;
				GCC_WARN_UNUSED_FUNCTION = YES;
				GCC_WARN_UNUSED_VARIABLE = YES;
				IPHONEOS_DEPLOYMENT_TARGET = 11.2;
				MTL_ENABLE_DEBUG_INFO = YES;
				ONLY_ACTIVE_ARCH = YES;
				SDKROOT = iphoneos;
			};
			name = Debug;
		};
		4B02CE072058F07B002A1297 /* Release */ = {
			isa = XCBuildConfiguration;
			buildSettings = {
				ALWAYS_SEARCH_USER_PATHS = NO;
				CLANG_ANALYZER_NONNULL = YES;
				CLANG_ANALYZER_NUMBER_OBJECT_CONVERSION = YES_AGGRESSIVE;
				CLANG_CXX_LANGUAGE_STANDARD = "gnu++14";
				CLANG_CXX_LIBRARY = "libc++";
				CLANG_ENABLE_MODULES = YES;
				CLANG_ENABLE_OBJC_ARC = YES;
				CLANG_WARN_BLOCK_CAPTURE_AUTORELEASING = YES;
				CLANG_WARN_BOOL_CONVERSION = YES;
				CLANG_WARN_COMMA = YES;
				CLANG_WARN_CONSTANT_CONVERSION = YES;
				CLANG_WARN_DIRECT_OBJC_ISA_USAGE = YES_ERROR;
				CLANG_WARN_DOCUMENTATION_COMMENTS = YES;
				CLANG_WARN_EMPTY_BODY = YES;
				CLANG_WARN_ENUM_CONVERSION = YES;
				CLANG_WARN_INFINITE_RECURSION = YES;
				CLANG_WARN_INT_CONVERSION = YES;
				CLANG_WARN_NON_LITERAL_NULL_CONVERSION = YES;
				CLANG_WARN_OBJC_LITERAL_CONVERSION = YES;
				CLANG_WARN_OBJC_ROOT_CLASS = YES_ERROR;
				CLANG_WARN_RANGE_LOOP_ANALYSIS = YES;
				CLANG_WARN_STRICT_PROTOTYPES = YES;
				CLANG_WARN_SUSPICIOUS_MOVE = YES;
				CLANG_WARN_UNGUARDED_AVAILABILITY = YES_AGGRESSIVE;
				CLANG_WARN_UNREACHABLE_CODE = YES;
				CLANG_WARN__DUPLICATE_METHOD_MATCH = YES;
				CODE_SIGN_IDENTITY = "iPhone Developer";
				COPY_PHASE_STRIP = NO;
				DEBUG_INFORMATION_FORMAT = "dwarf-with-dsym";
				ENABLE_NS_ASSERTIONS = NO;
				ENABLE_STRICT_OBJC_MSGSEND = YES;
				GCC_C_LANGUAGE_STANDARD = gnu11;
				GCC_NO_COMMON_BLOCKS = YES;
				GCC_WARN_64_TO_32_BIT_CONVERSION = YES;
				GCC_WARN_ABOUT_RETURN_TYPE = YES_ERROR;
				GCC_WARN_UNDECLARED_SELECTOR = YES;
				GCC_WARN_UNINITIALIZED_AUTOS = YES_AGGRESSIVE;
				GCC_WARN_UNUSED_FUNCTION = YES;
				GCC_WARN_UNUSED_VARIABLE = YES;
				IPHONEOS_DEPLOYMENT_TARGET = 11.2;
				MTL_ENABLE_DEBUG_INFO = NO;
				SDKROOT = iphoneos;
				VALIDATE_PRODUCT = YES;
			};
			name = Release;
		};
		4B02CE092058F07C002A1297 /* Debug */ = {
			isa = XCBuildConfiguration;
			buildSettings = {
				ASSETCATALOG_COMPILER_APPICON_NAME = AppIcon;
				CODE_SIGN_STYLE = Automatic;
				INFOPLIST_FILE = WKWebViewInterceptTest1/Info.plist;
				LD_RUNPATH_SEARCH_PATHS = "$(inherited) @executable_path/Frameworks";
				PRODUCT_BUNDLE_IDENTIFIER = XH.WKWebViewInterceptTest1;
				PRODUCT_NAME = "$(TARGET_NAME)";
				TARGETED_DEVICE_FAMILY = "1,2";
			};
			name = Debug;
		};
		4B02CE0A2058F07C002A1297 /* Release */ = {
			isa = XCBuildConfiguration;
			buildSettings = {
				ASSETCATALOG_COMPILER_APPICON_NAME = AppIcon;
				CODE_SIGN_STYLE = Automatic;
				INFOPLIST_FILE = WKWebViewInterceptTest1/Info.plist;
				LD_RUNPATH_SEARCH_PATHS = "$(inherited) @executable_path/Frameworks";
				PRODUCT_BUNDLE_IDENTIFIER = XH.WKWebViewInterceptTest1;
				PRODUCT_NAME = "$(TARGET_NAME)";
				TARGETED_DEVICE_FAMILY = "1,2";
			};
			name = Release;
		};
		4B02CE0C2058F07C002A1297 /* Debug */ = {
			isa = XCBuildConfiguration;
			buildSettings = {
				BUNDLE_LOADER = "$(TEST_HOST)";
				CODE_SIGN_STYLE = Automatic;
				INFOPLIST_FILE = WKWebViewInterceptTest1Tests/Info.plist;
				LD_RUNPATH_SEARCH_PATHS = "$(inherited) @executable_path/Frameworks @loader_path/Frameworks";
				PRODUCT_BUNDLE_IDENTIFIER = XH.WKWebViewInterceptTest1Tests;
				PRODUCT_NAME = "$(TARGET_NAME)";
				TARGETED_DEVICE_FAMILY = "1,2";
				TEST_HOST = "$(BUILT_PRODUCTS_DIR)/WKWebViewInterceptTest1.app/WKWebViewInterceptTest1";
			};
			name = Debug;
		};
		4B02CE0D2058F07C002A1297 /* Release */ = {
			isa = XCBuildConfiguration;
			buildSettings = {
				BUNDLE_LOADER = "$(TEST_HOST)";
				CODE_SIGN_STYLE = Automatic;
				INFOPLIST_FILE = WKWebViewInterceptTest1Tests/Info.plist;
				LD_RUNPATH_SEARCH_PATHS = "$(inherited) @executable_path/Frameworks @loader_path/Frameworks";
				PRODUCT_BUNDLE_IDENTIFIER = XH.WKWebViewInterceptTest1Tests;
				PRODUCT_NAME = "$(TARGET_NAME)";
				TARGETED_DEVICE_FAMILY = "1,2";
				TEST_HOST = "$(BUILT_PRODUCTS_DIR)/WKWebViewInterceptTest1.app/WKWebViewInterceptTest1";
			};
			name = Release;
		};
		4B02CE0F2058F07C002A1297 /* Debug */ = {
			isa = XCBuildConfiguration;
			buildSettings = {
				CODE_SIGN_STYLE = Automatic;
				INFOPLIST_FILE = WKWebViewInterceptTest1UITests/Info.plist;
				LD_RUNPATH_SEARCH_PATHS = "$(inherited) @executable_path/Frameworks @loader_path/Frameworks";
				PRODUCT_BUNDLE_IDENTIFIER = XH.WKWebViewInterceptTest1UITests;
				PRODUCT_NAME = "$(TARGET_NAME)";
				TARGETED_DEVICE_FAMILY = "1,2";
				TEST_TARGET_NAME = WKWebViewInterceptTest1;
			};
			name = Debug;
		};
		4B02CE102058F07C002A1297 /* Release */ = {
			isa = XCBuildConfiguration;
			buildSettings = {
				CODE_SIGN_STYLE = Automatic;
				INFOPLIST_FILE = WKWebViewInterceptTest1UITests/Info.plist;
				LD_RUNPATH_SEARCH_PATHS = "$(inherited) @executable_path/Frameworks @loader_path/Frameworks";
				PRODUCT_BUNDLE_IDENTIFIER = XH.WKWebViewInterceptTest1UITests;
				PRODUCT_NAME = "$(TARGET_NAME)";
				TARGETED_DEVICE_FAMILY = "1,2";
				TEST_TARGET_NAME = WKWebViewInterceptTest1;
			};
			name = Release;
		};
/* End XCBuildConfiguration section */

/* Begin XCConfigurationList section */
		4B02CDD72058F07B002A1297 /* Build configuration list for PBXProject "WKWebViewInterceptTest1" */ = {
			isa = XCConfigurationList;
			buildConfigurations = (
				4B02CE062058F07B002A1297 /* Debug */,
				4B02CE072058F07B002A1297 /* Release */,
			);
			defaultConfigurationIsVisible = 0;
			defaultConfigurationName = Release;
		};
		4B02CE082058F07C002A1297 /* Build configuration list for PBXNativeTarget "WKWebViewInterceptTest1" */ = {
			isa = XCConfigurationList;
			buildConfigurations = (
				4B02CE092058F07C002A1297 /* Debug */,
				4B02CE0A2058F07C002A1297 /* Release */,
			);
			defaultConfigurationIsVisible = 0;
			defaultConfigurationName = Release;
		};
		4B02CE0B2058F07C002A1297 /* Build configuration list for PBXNativeTarget "WKWebViewInterceptTest1Tests" */ = {
			isa = XCConfigurationList;
			buildConfigurations = (
				4B02CE0C2058F07C002A1297 /* Debug */,
				4B02CE0D2058F07C002A1297 /* Release */,
			);
			defaultConfigurationIsVisible = 0;
			defaultConfigurationName = Release;
		};
		4B02CE0E2058F07C002A1297 /* Build configuration list for PBXNativeTarget "WKWebViewInterceptTest1UITests" */ = {
			isa = XCConfigurationList;
			buildConfigurations = (
				4B02CE0F2058F07C002A1297 /* Debug */,
				4B02CE102058F07C002A1297 /* Release */,
			);
			defaultConfigurationIsVisible = 0;
			defaultConfigurationName = Release;
		};
/* End XCConfigurationList section */
	};
	rootObject = 4B02CDD42058F07B002A1297 /* Project object */;
}
